{
  "name": "svg-sass",
  "version": "1.0.1",
  "lockfileVersion": 1,
  "requires": true,
  "dependencies": {
    "sassdash": {
      "version": "0.9.0",
      "resolved": "https://registry.npmjs.org/sassdash/-/sassdash-0.9.0.tgz",
      "integrity": "sha512-1SIJltpUOCMY06uTEWrtXDtfGr39P2huhikbiAMU0v9S4PfL5StxGiz5Oo0HqyVpWZK3mAItYEntDikUSUyXeQ=="
    }
  }
}
